
Microsoft Visual Studio Solution File, Format Version 12.00
# Visual Studio Version 17
VisualStudioVersion = 17.9.34622.214
MinimumVisualStudioVersion = 10.0.40219.1
Project("{FAE04EC0-301F-11D3-BF4B-00C04F79EFBC}") = "MvcMovie", "MvcMovie.csproj", "{371A5633-D045-4B1B-98EB-F281BF292264}"
EndProject
Global
	GlobalSection(SolutionConfigurationPlatforms) = preSolution
		Debug|Any CPU = Debug|Any CPU
		Release|Any CPU = Release|Any CPU
	EndGlobalSection
	GlobalSection(ProjectConfigurationPlatforms) = postSolution
		{371A5633-D045-4B1B-98EB-F281BF292264}.Debug|Any CPU.ActiveCfg = Debug|Any CPU
		{371A5633-D045-4B1B-98EB-F281BF292264}.Debug|Any CPU.Build.0 = Debug|Any CPU
		{371A5633-D045-4B1B-98EB-F281BF292264}.Release|Any CPU.ActiveCfg = Release|Any CPU
		{371A5633-D045-4B1B-98EB-F281BF292264}.Release|Any CPU.Build.0 = Release|Any CPU
	EndGlobalSection
	GlobalSection(SolutionProperties) = preSolution
		HideSolutionNode = FALSE
	EndGlobalSection
	GlobalSection(ExtensibilityGlobals) = postSolution
		SolutionGuid = {89073103-D7A9-43D9-8EB1-0782F7888119}
	EndGlobalSection
EndGlobal
